// !$*UTF8*$!
{
	archiveVersion = 1;
	classes = {
	};
	objectVersion = 56;
	objects = {

/* Begin PBXBuildFile section */
		455B19CC2A3830B900AE9054 /* CollectionViewTableViewCell.swift in Sources */ = {isa = PBXBuildFile; fileRef = 455B19CB2A3830B900AE9054 /* CollectionViewTableViewCell.swift */; };
		455B19CE2A383AE200AE9054 /* HeroHeaderUIView.swift in Sources */ = {isa = PBXBuildFile; fileRef = 455B19CD2A383AE200AE9054 /* HeroHeaderUIView.swift */; };
		455B19D02A3AC6AB00AE9054 /* APICaller.swift in Sources */ = {isa = PBXBuildFile; fileRef = 455B19CF2A3AC6AB00AE9054 /* APICaller.swift */; };
		455B19D22A3AD1E500AE9054 /* Title.swift in Sources */ = {isa = PBXBuildFile; fileRef = 455B19D12A3AD1E500AE9054 /* Title.swift */; };
		455B19D42A3AD7F100AE9054 /* Extensions.swift in Sources */ = {isa = PBXBuildFile; fileRef = 455B19D32A3AD7F100AE9054 /* Extensions.swift */; };
		4596826E2A402B1800BD40A9 /* TitleCollectionViewCell.swift in Sources */ = {isa = PBXBuildFile; fileRef = 4596826D2A402B1700BD40A9 /* TitleCollectionViewCell.swift */; };
		459682712A402E1900BD40A9 /* SDWebImage in Frameworks */ = {isa = PBXBuildFile; productRef = 459682702A402E1900BD40A9 /* SDWebImage */; };
		459682732A402E1900BD40A9 /* SDWebImageMapKit in Frameworks */ = {isa = PBXBuildFile; productRef = 459682722A402E1900BD40A9 /* SDWebImageMapKit */; };
		45F00FD92A41B170000FFDC6 /* TitleTableViewCell.swift in Sources */ = {isa = PBXBuildFile; fileRef = 45F00FD82A41B170000FFDC6 /* TitleTableViewCell.swift */; };
		45F00FDB2A41B45A000FFDC6 /* TitleViewModel.swift in Sources */ = {isa = PBXBuildFile; fileRef = 45F00FDA2A41B45A000FFDC6 /* TitleViewModel.swift */; };
		45F5E5842A36D34D00CF6344 /* AppDelegate.swift in Sources */ = {isa = PBXBuildFile; fileRef = 45F5E5832A36D34D00CF6344 /* AppDelegate.swift */; };
		45F5E5862A36D34D00CF6344 /* SceneDelegate.swift in Sources */ = {isa = PBXBuildFile; fileRef = 45F5E5852A36D34D00CF6344 /* SceneDelegate.swift */; };
		45F5E5882A36D34D00CF6344 /* MainTabBarViewController.swift in Sources */ = {isa = PBXBuildFile; fileRef = 45F5E5872A36D34D00CF6344 /* MainTabBarViewController.swift */; };
		45F5E58D2A36D34F00CF6344 /* Assets.xcassets in Resources */ = {isa = PBXBuildFile; fileRef = 45F5E58C2A36D34F00CF6344 /* Assets.xcassets */; };
		45F5E5902A36D34F00CF6344 /* LaunchScreen.storyboard in Resources */ = {isa = PBXBuildFile; fileRef = 45F5E58E2A36D34F00CF6344 /* LaunchScreen.storyboard */; };
		45F5E5992A36D74C00CF6344 /* HomeViewController.swift in Sources */ = {isa = PBXBuildFile; fileRef = 45F5E5982A36D74C00CF6344 /* HomeViewController.swift */; };
		45F5E59B2A36D77C00CF6344 /* UpcomingViewController.swift in Sources */ = {isa = PBXBuildFile; fileRef = 45F5E59A2A36D77C00CF6344 /* UpcomingViewController.swift */; };
		45F5E59D2A36D79F00CF6344 /* SearchViewController.swift in Sources */ = {isa = PBXBuildFile; fileRef = 45F5E59C2A36D79F00CF6344 /* SearchViewController.swift */; };
		45F5E59F2A36D7BB00CF6344 /* DownloadsViewController.swift in Sources */ = {isa = PBXBuildFile; fileRef = 45F5E59E2A36D7BB00CF6344 /* DownloadsViewController.swift */; };
/* End PBXBuildFile section */

/* Begin PBXFileReference section */
		455B19CB2A3830B900AE9054 /* CollectionViewTableViewCell.swift */ = {isa = PBXFileReference; lastKnownFileType = sourcecode.swift; path = CollectionViewTableViewCell.swift; sourceTree = "<group>"; };
		455B19CD2A383AE200AE9054 /* HeroHeaderUIView.swift */ = {isa = PBXFileReference; lastKnownFileType = sourcecode.swift; path = HeroHeaderUIView.swift; sourceTree = "<group>"; };
		455B19CF2A3AC6AB00AE9054 /* APICaller.swift */ = {isa = PBXFileReference; lastKnownFileType = sourcecode.swift; path = APICaller.swift; sourceTree = "<group>"; };
		455B19D12A3AD1E500AE9054 /* Title.swift */ = {isa = PBXFileReference; lastKnownFileType = sourcecode.swift; path = Title.swift; sourceTree = "<group>"; };
		455B19D32A3AD7F100AE9054 /* Extensions.swift */ = {isa = PBXFileReference; lastKnownFileType = sourcecode.swift; path = Extensions.swift; sourceTree = "<group>"; };
		4596826D2A402B1700BD40A9 /* TitleCollectionViewCell.swift */ = {isa = PBXFileReference; lastKnownFileType = sourcecode.swift; path = TitleCollectionViewCell.swift; sourceTree = "<group>"; };
		459682742A40C48700BD40A9 /* TODO.md */ = {isa = PBXFileReference; lastKnownFileType = net.daringfireball.markdown; path = TODO.md; sourceTree = "<group>"; };
		45F00FD82A41B170000FFDC6 /* TitleTableViewCell.swift */ = {isa = PBXFileReference; lastKnownFileType = sourcecode.swift; path = TitleTableViewCell.swift; sourceTree = "<group>"; };
		45F00FDA2A41B45A000FFDC6 /* TitleViewModel.swift */ = {isa = PBXFileReference; lastKnownFileType = sourcecode.swift; path = TitleViewModel.swift; sourceTree = "<group>"; };
		45F5E5802A36D34D00CF6344 /* NetflixClone.app */ = {isa = PBXFileReference; explicitFileType = wrapper.application; includeInIndex = 0; path = NetflixClone.app; sourceTree = BUILT_PRODUCTS_DIR; };
		45F5E5832A36D34D00CF6344 /* AppDelegate.swift */ = {isa = PBXFileReference; lastKnownFileType = sourcecode.swift; path = AppDelegate.swift; sourceTree = "<group>"; };
		45F5E5852A36D34D00CF6344 /* SceneDelegate.swift */ = {isa = PBXFileReference; lastKnownFileType = sourcecode.swift; path = SceneDelegate.swift; sourceTree = "<group>"; };
		45F5E5872A36D34D00CF6344 /* MainTabBarViewController.swift */ = {isa = PBXFileReference; lastKnownFileType = sourcecode.swift; path = MainTabBarViewController.swift; sourceTree = "<group>"; };
		45F5E58C2A36D34F00CF6344 /* Assets.xcassets */ = {isa = PBXFileReference; lastKnownFileType = folder.assetcatalog; path = Assets.xcassets; sourceTree = "<group>"; };
		45F5E58F2A36D34F00CF6344 /* Base */ = {isa = PBXFileReference; lastKnownFileType = file.storyboard; name = Base; path = Base.lproj/LaunchScreen.storyboard; sourceTree = "<group>"; };
		45F5E5912A36D34F00CF6344 /* Info.plist */ = {isa = PBXFileReference; lastKnownFileType = text.plist.xml; path = Info.plist; sourceTree = "<group>"; };
		45F5E5982A36D74C00CF6344 /* HomeViewController.swift */ = {isa = PBXFileReference; lastKnownFileType = sourcecode.swift; path = HomeViewController.swift; sourceTree = "<group>"; };
		45F5E59A2A36D77C00CF6344 /* UpcomingViewController.swift */ = {isa = PBXFileReference; lastKnownFileType = sourcecode.swift; path = UpcomingViewController.swift; sourceTree = "<group>"; };
		45F5E59C2A36D79F00CF6344 /* SearchViewController.swift */ = {isa = PBXFileReference; lastKnownFileType = sourcecode.swift; path = SearchViewController.swift; sourceTree = "<group>"; };
		45F5E59E2A36D7BB00CF6344 /* DownloadsViewController.swift */ = {isa = PBXFileReference; lastKnownFileType = sourcecode.swift; path = DownloadsViewController.swift; sourceTree = "<group>"; };
		45F5E5A02A36E25600CF6344 /* README.md */ = {isa = PBXFileReference; lastKnownFileType = net.daringfireball.markdown; path = README.md; sourceTree = "<group>"; };
/* End PBXFileReference section */

/* Begin PBXFrameworksBuildPhase section */
		45F5E57D2A36D34D00CF6344 /* Frameworks */ = {
			isa = PBXFrameworksBuildPhase;
			buildActionMask = 2147483647;
			files = (
				459682732A402E1900BD40A9 /* SDWebImageMapKit in Frameworks */,
				459682712A402E1900BD40A9 /* SDWebImage in Frameworks */,
			);
			runOnlyForDeploymentPostprocessing = 0;
		};
/* End PBXFrameworksBuildPhase section */

/* Begin PBXGroup section */
		455B19C62A38303E00AE9054 /* Views */ = {
			isa = PBXGroup;
			children = (
				455B19CB2A3830B900AE9054 /* CollectionViewTableViewCell.swift */,
				455B19CD2A383AE200AE9054 /* HeroHeaderUIView.swift */,
				4596826D2A402B1700BD40A9 /* TitleCollectionViewCell.swift */,
				45F00FD82A41B170000FFDC6 /* TitleTableViewCell.swift */,
			);
			path = Views;
			sourceTree = "<group>";
		};
		455B19C72A38304900AE9054 /* ViewModels */ = {
			isa = PBXGroup;
			children = (
				45F00FDA2A41B45A000FFDC6 /* TitleViewModel.swift */,
			);
			path = ViewModels;
			sourceTree = "<group>";
		};
		455B19C82A38305000AE9054 /* Models */ = {
			isa = PBXGroup;
			children = (
				455B19D12A3AD1E500AE9054 /* Title.swift */,
			);
			path = Models;
			sourceTree = "<group>";
		};
		455B19C92A38307500AE9054 /* Resouces */ = {
			isa = PBXGroup;
			children = (
				455B19D32A3AD7F100AE9054 /* Extensions.swift */,
			);
			path = Resouces;
			sourceTree = "<group>";
		};
		455B19CA2A38307B00AE9054 /* Managers */ = {
			isa = PBXGroup;
			children = (
				455B19CF2A3AC6AB00AE9054 /* APICaller.swift */,
			);
			path = Managers;
			sourceTree = "<group>";
		};
		45F5E5772A36D34D00CF6344 = {
			isa = PBXGroup;
			children = (
				459682742A40C48700BD40A9 /* TODO.md */,
				45F5E5A02A36E25600CF6344 /* README.md */,
				45F5E5822A36D34D00CF6344 /* NetflixClone */,
				45F5E5812A36D34D00CF6344 /* Products */,
			);
			sourceTree = "<group>";
		};
		45F5E5812A36D34D00CF6344 /* Products */ = {
			isa = PBXGroup;
			children = (
				45F5E5802A36D34D00CF6344 /* NetflixClone.app */,
			);
			name = Products;
			sourceTree = "<group>";
		};
		45F5E5822A36D34D00CF6344 /* NetflixClone */ = {
			isa = PBXGroup;
			children = (
				455B19CA2A38307B00AE9054 /* Managers */,
				455B19C92A38307500AE9054 /* Resouces */,
				455B19C62A38303E00AE9054 /* Views */,
				455B19C82A38305000AE9054 /* Models */,
				455B19C72A38304900AE9054 /* ViewModels */,
				45F5E5972A36D72700CF6344 /* Controllers */,
				45F5E5832A36D34D00CF6344 /* AppDelegate.swift */,
				45F5E5852A36D34D00CF6344 /* SceneDelegate.swift */,
				45F5E5872A36D34D00CF6344 /* MainTabBarViewController.swift */,
				45F5E58C2A36D34F00CF6344 /* Assets.xcassets */,
				45F5E58E2A36D34F00CF6344 /* LaunchScreen.storyboard */,
				45F5E5912A36D34F00CF6344 /* Info.plist */,
			);
			path = NetflixClone;
			sourceTree = "<group>";
		};
		45F5E5972A36D72700CF6344 /* Controllers */ = {
			isa = PBXGroup;
			children = (
				45F5E5982A36D74C00CF6344 /* HomeViewController.swift */,
				45F5E59A2A36D77C00CF6344 /* UpcomingViewController.swift */,
				45F5E59C2A36D79F00CF6344 /* SearchViewController.swift */,
				45F5E59E2A36D7BB00CF6344 /* DownloadsViewController.swift */,
			);
			path = Controllers;
			sourceTree = "<group>";
		};
/* End PBXGroup section */

/* Begin PBXNativeTarget section */
		45F5E57F2A36D34D00CF6344 /* NetflixClone */ = {
			isa = PBXNativeTarget;
			buildConfigurationList = 45F5E5942A36D34F00CF6344 /* Build configuration list for PBXNativeTarget "NetflixClone" */;
			buildPhases = (
				45F5E57C2A36D34D00CF6344 /* Sources */,
				45F5E57D2A36D34D00CF6344 /* Frameworks */,
				45F5E57E2A36D34D00CF6344 /* Resources */,
			);
			buildRules = (
			);
			dependencies = (
			);
			name = NetflixClone;
			packageProductDependencies = (
				459682702A402E1900BD40A9 /* SDWebImage */,
				459682722A402E1900BD40A9 /* SDWebImageMapKit */,
			);
			productName = NetflixClone;
			productReference = 45F5E5802A36D34D00CF6344 /* NetflixClone.app */;
			productType = "com.apple.product-type.application";
		};
/* End PBXNativeTarget section */

/* Begin PBXProject section */
		45F5E5782A36D34D00CF6344 /* Project object */ = {
			isa = PBXProject;
			attributes = {
				BuildIndependentTargetsInParallel = 1;
				LastSwiftUpdateCheck = 1420;
				LastUpgradeCheck = 1420;
				TargetAttributes = {
					45F5E57F2A36D34D00CF6344 = {
						CreatedOnToolsVersion = 14.2;
					};
				};
			};
			buildConfigurationList = 45F5E57B2A36D34D00CF6344 /* Build configuration list for PBXProject "NetflixClone" */;
			compatibilityVersion = "Xcode 14.0";
			developmentRegion = en;
			hasScannedForEncodings = 0;
			knownRegions = (
				en,
				Base,
			);
			mainGroup = 45F5E5772A36D34D00CF6344;
			packageReferences = (
				4596826F2A402E1900BD40A9 /* XCRemoteSwiftPackageReference "SDWebImage" */,
			);
			productRefGroup = 45F5E5812A36D34D00CF6344 /* Products */;
			projectDirPath = "";
			projectRoot = "";
			targets = (
				45F5E57F2A36D34D00CF6344 /* NetflixClone */,
			);
		};
/* End PBXProject section */

/* Begin PBXResourcesBuildPhase section */
		45F5E57E2A36D34D00CF6344 /* Resources */ = {
			isa = PBXResourcesBuildPhase;
			buildActionMask = 2147483647;
			files = (
				45F5E5902A36D34F00CF6344 /* LaunchScreen.storyboard in Resources */,
				45F5E58D2A36D34F00CF6344 /* Assets.xcassets in Resources */,
			);
			runOnlyForDeploymentPostprocessing = 0;
		};
/* End PBXResourcesBuildPhase section */

/* Begin PBXSourcesBuildPhase section */
		45F5E57C2A36D34D00CF6344 /* Sources */ = {
			isa = PBXSourcesBuildPhase;
			buildActionMask = 2147483647;
			files = (
				45F00FD92A41B170000FFDC6 /* TitleTableViewCell.swift in Sources */,
				45F5E59D2A36D79F00CF6344 /* SearchViewController.swift in Sources */,
				4596826E2A402B1800BD40A9 /* TitleCollectionViewCell.swift in Sources */,
				45F5E5882A36D34D00CF6344 /* MainTabBarViewController.swift in Sources */,
				455B19CC2A3830B900AE9054 /* CollectionViewTableViewCell.swift in Sources */,
				455B19D02A3AC6AB00AE9054 /* APICaller.swift in Sources */,
				455B19CE2A383AE200AE9054 /* HeroHeaderUIView.swift in Sources */,
				45F5E59F2A36D7BB00CF6344 /* DownloadsViewController.swift in Sources */,
				45F5E5842A36D34D00CF6344 /* AppDelegate.swift in Sources */,
				455B19D42A3AD7F100AE9054 /* Extensions.swift in Sources */,
				45F5E5862A36D34D00CF6344 /* SceneDelegate.swift in Sources */,
				45F5E59B2A36D77C00CF6344 /* UpcomingViewController.swift in Sources */,
				455B19D22A3AD1E500AE9054 /* Title.swift in Sources */,
				45F5E5992A36D74C00CF6344 /* HomeViewController.swift in Sources */,
				45F00FDB2A41B45A000FFDC6 /* TitleViewModel.swift in Sources */,
			);
			runOnlyForDeploymentPostprocessing = 0;
		};
/* End PBXSourcesBuildPhase section */

/* Begin PBXVariantGroup section */
		45F5E58E2A36D34F00CF6344 /* LaunchScreen.storyboard */ = {
			isa = PBXVariantGroup;
			children = (
				45F5E58F2A36D34F00CF6344 /* Base */,
			);
			name = LaunchScreen.storyboard;
			sourceTree = "<group>";
		};
/* End PBXVariantGroup section */

/* Begin XCBuildConfiguration section */
		45F5E5922A36D34F00CF6344 /* Debug */ = {
			isa = XCBuildConfiguration;
			buildSettings = {
				ALWAYS_SEARCH_USER_PATHS = NO;
				CLANG_ANALYZER_NONNULL = YES;
				CLANG_ANALYZER_NUMBER_OBJECT_CONVERSION = YES_AGGRESSIVE;
				CLANG_CXX_LANGUAGE_STANDARD = "gnu++20";
				CLANG_ENABLE_MODULES = YES;
				CLANG_ENABLE_OBJC_ARC = YES;
				CLANG_ENABLE_OBJC_WEAK = YES;
				CLANG_WARN_BLOCK_CAPTURE_AUTORELEASING = YES;
				CLANG_WARN_BOOL_CONVERSION = YES;
				CLANG_WARN_COMMA = YES;
				CLANG_WARN_CONSTANT_CONVERSION = YES;
				CLANG_WARN_DEPRECATED_OBJC_IMPLEMENTATIONS = YES;
				CLANG_WARN_DIRECT_OBJC_ISA_USAGE = YES_ERROR;
				CLANG_WARN_DOCUMENTATION_COMMENTS = YES;
				CLANG_WARN_EMPTY_BODY = YES;
				CLANG_WARN_ENUM_CONVERSION = YES;
				CLANG_WARN_INFINITE_RECURSION = YES;
				CLANG_WARN_INT_CONVERSION = YES;
				CLANG_WARN_NON_LITERAL_NULL_CONVERSION = YES;
				CLANG_WARN_OBJC_IMPLICIT_RETAIN_SELF = YES;
				CLANG_WARN_OBJC_LITERAL_CONVERSION = YES;
				CLANG_WARN_OBJC_ROOT_CLASS = YES_ERROR;
				CLANG_WARN_QUOTED_INCLUDE_IN_FRAMEWORK_HEADER = YES;
				CLANG_WARN_RANGE_LOOP_ANALYSIS = YES;
				CLANG_WARN_STRICT_PROTOTYPES = YES;
				CLANG_WARN_SUSPICIOUS_MOVE = YES;
				CLANG_WARN_UNGUARDED_AVAILABILITY = YES_AGGRESSIVE;
				CLANG_WARN_UNREACHABLE_CODE = YES;
				CLANG_WARN__DUPLICATE_METHOD_MATCH = YES;
				COPY_PHASE_STRIP = NO;
				DEBUG_INFORMATION_FORMAT = dwarf;
				ENABLE_STRICT_OBJC_MSGSEND = YES;
				ENABLE_TESTABILITY = YES;
				GCC_C_LANGUAGE_STANDARD = gnu11;
				GCC_DYNAMIC_NO_PIC = NO;
				GCC_NO_COMMON_BLOCKS = YES;
				GCC_OPTIMIZATION_LEVEL = 0;
				GCC_PREPROCESSOR_DEFINITIONS = (
					"DEBUG=1",
					"$(inherited)",
				);
				GCC_WARN_64_TO_32_BIT_CONVERSION = YES;
				GCC_WARN_ABOUT_RETURN_TYPE = YES_ERROR;
				GCC_WARN_UNDECLARED_SELECTOR = YES;
				GCC_WARN_UNINITIALIZED_AUTOS = YES_AGGRESSIVE;
				GCC_WARN_UNUSED_FUNCTION = YES;
				GCC_WARN_UNUSED_VARIABLE = YES;
				IPHONEOS_DEPLOYMENT_TARGET = 16.2;
				MTL_ENABLE_DEBUG_INFO = INCLUDE_SOURCE;
				MTL_FAST_MATH = YES;
				ONLY_ACTIVE_ARCH = YES;
				SDKROOT = iphoneos;
				SWIFT_ACTIVE_COMPILATION_CONDITIONS = DEBUG;
				SWIFT_OPTIMIZATION_LEVEL = "-Onone";
			};
			name = Debug;
		};
		45F5E5932A36D34F00CF6344 /* Release */ = {
			isa = XCBuildConfiguration;
			buildSettings = {
				ALWAYS_SEARCH_USER_PATHS = NO;
				CLANG_ANALYZER_NONNULL = YES;
				CLANG_ANALYZER_NUMBER_OBJECT_CONVERSION = YES_AGGRESSIVE;
				CLANG_CXX_LANGUAGE_STANDARD = "gnu++20";
				CLANG_ENABLE_MODULES = YES;
				CLANG_ENABLE_OBJC_ARC = YES;
				CLANG_ENABLE_OBJC_WEAK = YES;
				CLANG_WARN_BLOCK_CAPTURE_AUTORELEASING = YES;
				CLANG_WARN_BOOL_CONVERSION = YES;
				CLANG_WARN_COMMA = YES;
				CLANG_WARN_CONSTANT_CONVERSION = YES;
				CLANG_WARN_DEPRECATED_OBJC_IMPLEMENTATIONS = YES;
				CLANG_WARN_DIRECT_OBJC_ISA_USAGE = YES_ERROR;
				CLANG_WARN_DOCUMENTATION_COMMENTS = YES;
				CLANG_WARN_EMPTY_BODY = YES;
				CLANG_WARN_ENUM_CONVERSION = YES;
				CLANG_WARN_INFINITE_RECURSION = YES;
				CLANG_WARN_INT_CONVERSION = YES;
				CLANG_WARN_NON_LITERAL_NULL_CONVERSION = YES;
				CLANG_WARN_OBJC_IMPLICIT_RETAIN_SELF = YES;
				CLANG_WARN_OBJC_LITERAL_CONVERSION = YES;
				CLANG_WARN_OBJC_ROOT_CLASS = YES_ERROR;
				CLANG_WARN_QUOTED_INCLUDE_IN_FRAMEWORK_HEADER = YES;
				CLANG_WARN_RANGE_LOOP_ANALYSIS = YES;
				CLANG_WARN_STRICT_PROTOTYPES = YES;
				CLANG_WARN_SUSPICIOUS_MOVE = YES;
				CLANG_WARN_UNGUARDED_AVAILABILITY = YES_AGGRESSIVE;
				CLANG_WARN_UNREACHABLE_CODE = YES;
				CLANG_WARN__DUPLICATE_METHOD_MATCH = YES;
				COPY_PHASE_STRIP = NO;
				DEBUG_INFORMATION_FORMAT = "dwarf-with-dsym";
				ENABLE_NS_ASSERTIONS = NO;
				ENABLE_STRICT_OBJC_MSGSEND = YES;
				GCC_C_LANGUAGE_STANDARD = gnu11;
				GCC_NO_COMMON_BLOCKS = YES;
				GCC_WARN_64_TO_32_BIT_CONVERSION = YES;
				GCC_WARN_ABOUT_RETURN_TYPE = YES_ERROR;
				GCC_WARN_UNDECLARED_SELECTOR = YES;
				GCC_WARN_UNINITIALIZED_AUTOS = YES_AGGRESSIVE;
				GCC_WARN_UNUSED_FUNCTION = YES;
				GCC_WARN_UNUSED_VARIABLE = YES;
				IPHONEOS_DEPLOYMENT_TARGET = 16.2;
				MTL_ENABLE_DEBUG_INFO = NO;
				MTL_FAST_MATH = YES;
				SDKROOT = iphoneos;
				SWIFT_COMPILATION_MODE = wholemodule;
				SWIFT_OPTIMIZATION_LEVEL = "-O";
				VALIDATE_PRODUCT = YES;
			};
			name = Release;
		};
		45F5E5952A36D34F00CF6344 /* Debug */ = {
			isa = XCBuildConfiguration;
			buildSettings = {
				ASSETCATALOG_COMPILER_APPICON_NAME = AppIcon;
				ASSETCATALOG_COMPILER_GLOBAL_ACCENT_COLOR_NAME = AccentColor;
				CODE_SIGN_STYLE = Automatic;
				CURRENT_PROJECT_VERSION = 1;
				DEVELOPMENT_TEAM = 2CXFWG6VX2;
				GENERATE_INFOPLIST_FILE = YES;
				INFOPLIST_FILE = NetflixClone/Info.plist;
				INFOPLIST_KEY_UIApplicationSupportsIndirectInputEvents = YES;
				INFOPLIST_KEY_UILaunchStoryboardName = LaunchScreen;
				INFOPLIST_KEY_UISupportedInterfaceOrientations_iPad = "UIInterfaceOrientationPortrait UIInterfaceOrientationPortraitUpsideDown UIInterfaceOrientationLandscapeLeft UIInterfaceOrientationLandscapeRight";
				INFOPLIST_KEY_UISupportedInterfaceOrientations_iPhone = "UIInterfaceOrientationPortrait UIInterfaceOrientationLandscapeLeft UIInterfaceOrientationLandscapeRight";
				LD_RUNPATH_SEARCH_PATHS = (
					"$(inherited)",
					"@executable_path/Frameworks",
				);
				MARKETING_VERSION = 1.0;
				PRODUCT_BUNDLE_IDENTIFIER = com.atharvadagaonkar.NetflixClone;
				PRODUCT_NAME = "$(TARGET_NAME)";
				SWIFT_EMIT_LOC_STRINGS = YES;
				SWIFT_VERSION = 5.0;
				TARGETED_DEVICE_FAMILY = "1,2";
			};
			name = Debug;
		};
		45F5E5962A36D34F00CF6344 /* Release */ = {
			isa = XCBuildConfiguration;
			buildSettings = {
				ASSETCATALOG_COMPILER_APPICON_NAME = AppIcon;
				ASSETCATALOG_COMPILER_GLOBAL_ACCENT_COLOR_NAME = AccentColor;
				CODE_SIGN_STYLE = Automatic;
				CURRENT_PROJECT_VERSION = 1;
				DEVELOPMENT_TEAM = 2CXFWG6VX2;
				GENERATE_INFOPLIST_FILE = YES;
				INFOPLIST_FILE = NetflixClone/Info.plist;
				INFOPLIST_KEY_UIApplicationSupportsIndirectInputEvents = YES;
				INFOPLIST_KEY_UILaunchStoryboardName = LaunchScreen;
				INFOPLIST_KEY_UISupportedInterfaceOrientations_iPad = "UIInterfaceOrientationPortrait UIInterfaceOrientationPortraitUpsideDown UIInterfaceOrientationLandscapeLeft UIInterfaceOrientationLandscapeRight";
				INFOPLIST_KEY_UISupportedInterfaceOrientations_iPhone = "UIInterfaceOrientationPortrait UIInterfaceOrientationLandscapeLeft UIInterfaceOrientationLandscapeRight";
				LD_RUNPATH_SEARCH_PATHS = (
					"$(inherited)",
					"@executable_path/Frameworks",
				);
				MARKETING_VERSION = 1.0;
				PRODUCT_BUNDLE_IDENTIFIER = com.atharvadagaonkar.NetflixClone;
				PRODUCT_NAME = "$(TARGET_NAME)";
				SWIFT_EMIT_LOC_STRINGS = YES;
				SWIFT_VERSION = 5.0;
				TARGETED_DEVICE_FAMILY = "1,2";
			};
			name = Release;
		};
/* End XCBuildConfiguration section */

/* Begin XCConfigurationList section */
		45F5E57B2A36D34D00CF6344 /* Build configuration list for PBXProject "NetflixClone" */ = {
			isa = XCConfigurationList;
			buildConfigurations = (
				45F5E5922A36D34F00CF6344 /* Debug */,
				45F5E5932A36D34F00CF6344 /* Release */,
			);
			defaultConfigurationIsVisible = 0;
			defaultConfigurationName = Release;
		};
		45F5E5942A36D34F00CF6344 /* Build configuration list for PBXNativeTarget "NetflixClone" */ = {
			isa = XCConfigurationList;
			buildConfigurations = (
				45F5E5952A36D34F00CF6344 /* Debug */,
				45F5E5962A36D34F00CF6344 /* Release */,
			);
			defaultConfigurationIsVisible = 0;
			defaultConfigurationName = Release;
		};
/* End XCConfigurationList section */

/* Begin XCRemoteSwiftPackageReference section */
		4596826F2A402E1900BD40A9 /* XCRemoteSwiftPackageReference "SDWebImage" */ = {
			isa = XCRemoteSwiftPackageReference;
			repositoryURL = "https://github.com/SDWebImage/SDWebImage.git";
			requirement = {
				kind = upToNextMajorVersion;
				minimumVersion = 5.0.0;
			};
		};
/* End XCRemoteSwiftPackageReference section */

/* Begin XCSwiftPackageProductDependency section */
		459682702A402E1900BD40A9 /* SDWebImage */ = {
			isa = XCSwiftPackageProductDependency;
			package = 4596826F2A402E1900BD40A9 /* XCRemoteSwiftPackageReference "SDWebImage" */;
			productName = SDWebImage;
		};
		459682722A402E1900BD40A9 /* SDWebImageMapKit */ = {
			isa = XCSwiftPackageProductDependency;
			package = 4596826F2A402E1900BD40A9 /* XCRemoteSwiftPackageReference "SDWebImage" */;
			productName = SDWebImageMapKit;
		};
/* End XCSwiftPackageProductDependency section */
	};
	rootObject = 45F5E5782A36D34D00CF6344 /* Project object */;
}
